// !$*UTF8*$!
{
	archiveVersion = 1;
	classes = {
	};
	objectVersion = 50;
	objects = {

/* Begin PBXBuildFile section */
		5E5513596268FAB38B047188 /* Pods_FeedRecipe.framework in Frameworks */ = {isa = PBXBuildFile; fileRef = 7ABD5ADF23915DD11755CC32 /* Pods_FeedRecipe.framework */; };
		8A0A957B221EA5C30071CD1E /* AppDelegate.swift in Sources */ = {isa = PBXBuildFile; fileRef = 8A0A957A221EA5C30071CD1E /* AppDelegate.swift */; };
		8A0A957D221EA5C30071CD1E /* ViewController.swift in Sources */ = {isa = PBXBuildFile; fileRef = 8A0A957C221EA5C30071CD1E /* ViewController.swift */; };
		8A0A9580221EA5C30071CD1E /* Main.storyboard in Resources */ = {isa = PBXBuildFile; fileRef = 8A0A957E221EA5C30071CD1E /* Main.storyboard */; };
		8A0A9585221EA5C40071CD1E /* LaunchScreen.storyboard in Resources */ = {isa = PBXBuildFile; fileRef = 8A0A9583221EA5C40071CD1E /* LaunchScreen.storyboard */; };
		8A0A9592221EA7820071CD1E /* Recipe.swift in Sources */ = {isa = PBXBuildFile; fileRef = 8A0A9591221EA7820071CD1E /* Recipe.swift */; };
		8A0A9594221EA7C70071CD1E /* RecipeModel.swift in Sources */ = {isa = PBXBuildFile; fileRef = 8A0A9593221EA7C70071CD1E /* RecipeModel.swift */; };
		8A0A9596221EA8070071CD1E /* WorkshopAPI.swift in Sources */ = {isa = PBXBuildFile; fileRef = 8A0A9595221EA8070071CD1E /* WorkshopAPI.swift */; };
		8A0A95A4221EB21B0071CD1E /* RecipeViewController.swift in Sources */ = {isa = PBXBuildFile; fileRef = 8A0A95A3221EB21B0071CD1E /* RecipeViewController.swift */; };
		8A0A95A6221EB2970071CD1E /* RecipeCollectionViewCell.swift in Sources */ = {isa = PBXBuildFile; fileRef = 8A0A95A5221EB2970071CD1E /* RecipeCollectionViewCell.swift */; };
		8A5C3141221ED081005AD77B /* Assets.xcassets in Resources */ = {isa = PBXBuildFile; fileRef = 8A5C3140221ED080005AD77B /* Assets.xcassets */; };
/* End PBXBuildFile section */

/* Begin PBXFileReference section */
		31D57A455C1F234F461577A9 /* Pods-FeedRecipe.debug.xcconfig */ = {isa = PBXFileReference; includeInIndex = 1; lastKnownFileType = text.xcconfig; name = "Pods-FeedRecipe.debug.xcconfig"; path = "Target Support Files/Pods-FeedRecipe/Pods-FeedRecipe.debug.xcconfig"; sourceTree = "<group>"; };
		7ABD5ADF23915DD11755CC32 /* Pods_FeedRecipe.framework */ = {isa = PBXFileReference; explicitFileType = wrapper.framework; includeInIndex = 0; path = Pods_FeedRecipe.framework; sourceTree = BUILT_PRODUCTS_DIR; };
		8A0A9577221EA5C30071CD1E /* FeedRecipe.app */ = {isa = PBXFileReference; explicitFileType = wrapper.application; includeInIndex = 0; path = FeedRecipe.app; sourceTree = BUILT_PRODUCTS_DIR; };
		8A0A957A221EA5C30071CD1E /* AppDelegate.swift */ = {isa = PBXFileReference; lastKnownFileType = sourcecode.swift; path = AppDelegate.swift; sourceTree = "<group>"; };
		8A0A957C221EA5C30071CD1E /* ViewController.swift */ = {isa = PBXFileReference; lastKnownFileType = sourcecode.swift; path = ViewController.swift; sourceTree = "<group>"; };
		8A0A957F221EA5C30071CD1E /* Base */ = {isa = PBXFileReference; lastKnownFileType = file.storyboard; name = Base; path = Base.lproj/Main.storyboard; sourceTree = "<group>"; };
		8A0A9584221EA5C40071CD1E /* Base */ = {isa = PBXFileReference; lastKnownFileType = file.storyboard; name = Base; path = Base.lproj/LaunchScreen.storyboard; sourceTree = "<group>"; };
		8A0A9586221EA5C40071CD1E /* Info.plist */ = {isa = PBXFileReference; lastKnownFileType = text.plist.xml; path = Info.plist; sourceTree = "<group>"; };
		8A0A9591221EA7820071CD1E /* Recipe.swift */ = {isa = PBXFileReference; lastKnownFileType = sourcecode.swift; path = Recipe.swift; sourceTree = "<group>"; };
		8A0A9593221EA7C70071CD1E /* RecipeModel.swift */ = {isa = PBXFileReference; lastKnownFileType = sourcecode.swift; path = RecipeModel.swift; sourceTree = "<group>"; };
		8A0A9595221EA8070071CD1E /* WorkshopAPI.swift */ = {isa = PBXFileReference; lastKnownFileType = sourcecode.swift; path = WorkshopAPI.swift; sourceTree = "<group>"; };
		8A0A95A3221EB21B0071CD1E /* RecipeViewController.swift */ = {isa = PBXFileReference; lastKnownFileType = sourcecode.swift; path = RecipeViewController.swift; sourceTree = "<group>"; };
		8A0A95A5221EB2970071CD1E /* RecipeCollectionViewCell.swift */ = {isa = PBXFileReference; lastKnownFileType = sourcecode.swift; path = RecipeCollectionViewCell.swift; sourceTree = "<group>"; };
		8A5C3140221ED080005AD77B /* Assets.xcassets */ = {isa = PBXFileReference; lastKnownFileType = folder.assetcatalog; path = Assets.xcassets; sourceTree = "<group>"; };
		9E9F72E457A380FF8CB6F023 /* Pods-FeedRecipe.release.xcconfig */ = {isa = PBXFileReference; includeInIndex = 1; lastKnownFileType = text.xcconfig; name = "Pods-FeedRecipe.release.xcconfig"; path = "Target Support Files/Pods-FeedRecipe/Pods-FeedRecipe.release.xcconfig"; sourceTree = "<group>"; };
/* End PBXFileReference section */

/* Begin PBXFrameworksBuildPhase section */
		8A0A9574221EA5C30071CD1E /* Frameworks */ = {
			isa = PBXFrameworksBuildPhase;
			buildActionMask = 2147483647;
			files = (
				5E5513596268FAB38B047188 /* Pods_FeedRecipe.framework in Frameworks */,
			);
			runOnlyForDeploymentPostprocessing = 0;
		};
/* End PBXFrameworksBuildPhase section */

/* Begin PBXGroup section */
		2D69A442DA881D9EC7A4B67D /* Frameworks */ = {
			isa = PBXGroup;
			children = (
				7ABD5ADF23915DD11755CC32 /* Pods_FeedRecipe.framework */,
			);
			name = Frameworks;
			sourceTree = "<group>";
		};
		5EF4F11848F4BFA4979ABE31 /* Pods */ = {
			isa = PBXGroup;
			children = (
				31D57A455C1F234F461577A9 /* Pods-FeedRecipe.debug.xcconfig */,
				9E9F72E457A380FF8CB6F023 /* Pods-FeedRecipe.release.xcconfig */,
			);
			path = Pods;
			sourceTree = "<group>";
		};
		8A0A956E221EA5C30071CD1E = {
			isa = PBXGroup;
			children = (
				8A0A9579221EA5C30071CD1E /* FeedRecipe */,
				8A0A9578221EA5C30071CD1E /* Products */,
				5EF4F11848F4BFA4979ABE31 /* Pods */,
				2D69A442DA881D9EC7A4B67D /* Frameworks */,
			);
			sourceTree = "<group>";
		};
		8A0A9578221EA5C30071CD1E /* Products */ = {
			isa = PBXGroup;
			children = (
				8A0A9577221EA5C30071CD1E /* FeedRecipe.app */,
			);
			name = Products;
			sourceTree = "<group>";
		};
		8A0A9579221EA5C30071CD1E /* FeedRecipe */ = {
			isa = PBXGroup;
			children = (
				8A0A958F221EA66F0071CD1E /* View */,
				8A0A958E221EA6660071CD1E /* ModelView */,
				8A0A958D221EA65D0071CD1E /* Model */,
				8A0A958C221EA5DF0071CD1E /* Storyboard */,
				8A0A957A221EA5C30071CD1E /* AppDelegate.swift */,
				8A5C3140221ED080005AD77B /* Assets.xcassets */,
				8A0A957C221EA5C30071CD1E /* ViewController.swift */,
				8A0A9586221EA5C40071CD1E /* Info.plist */,
				8A0A9591221EA7820071CD1E /* Recipe.swift */,
			);
			path = FeedRecipe;
			sourceTree = "<group>";
		};
		8A0A958C221EA5DF0071CD1E /* Storyboard */ = {
			isa = PBXGroup;
			children = (
				8A0A957E221EA5C30071CD1E /* Main.storyboard */,
				8A0A9583221EA5C40071CD1E /* LaunchScreen.storyboard */,
			);
			path = Storyboard;
			sourceTree = "<group>";
		};
		8A0A958D221EA65D0071CD1E /* Model */ = {
			isa = PBXGroup;
			children = (
				8A0A9595221EA8070071CD1E /* WorkshopAPI.swift */,
			);
			path = Model;
			sourceTree = "<group>";
		};
		8A0A958E221EA6660071CD1E /* ModelView */ = {
			isa = PBXGroup;
			children = (
				8A0A9593221EA7C70071CD1E /* RecipeModel.swift */,
			);
			path = ModelView;
			sourceTree = "<group>";
		};
		8A0A958F221EA66F0071CD1E /* View */ = {
			isa = PBXGroup;
			children = (
				8A0A95A3221EB21B0071CD1E /* RecipeViewController.swift */,
				8A0A95A5221EB2970071CD1E /* RecipeCollectionViewCell.swift */,
			);
			path = View;
			sourceTree = "<group>";
		};
/* End PBXGroup section */

/* Begin PBXNativeTarget section */
		8A0A9576221EA5C30071CD1E /* FeedRecipe */ = {
			isa = PBXNativeTarget;
			buildConfigurationList = 8A0A9589221EA5C40071CD1E /* Build configuration list for PBXNativeTarget "FeedRecipe" */;
			buildPhases = (
				27EDEF90D4355D98E2688B79 /* [CP] Check Pods Manifest.lock */,
				8A0A9573221EA5C30071CD1E /* Sources */,
				8A0A9574221EA5C30071CD1E /* Frameworks */,
				8A0A9575221EA5C30071CD1E /* Resources */,
				8D5446093DD72F8C027DAFC1 /* [CP] Embed Pods Frameworks */,
			);
			buildRules = (
			);
			dependencies = (
			);
			name = FeedRecipe;
			productName = FeedRecipe;
			productReference = 8A0A9577221EA5C30071CD1E /* FeedRecipe.app */;
			productType = "com.apple.product-type.application";
		};
/* End PBXNativeTarget section */

/* Begin PBXProject section */
		8A0A956F221EA5C30071CD1E /* Project object */ = {
			isa = PBXProject;
			attributes = {
				LastSwiftUpdateCheck = 1010;
				LastUpgradeCheck = 1010;
				ORGANIZATIONNAME = "Maxim Spiridonov";
				TargetAttributes = {
					8A0A9576221EA5C30071CD1E = {
						CreatedOnToolsVersion = 10.1;
					};
				};
			};
			buildConfigurationList = 8A0A9572221EA5C30071CD1E /* Build configuration list for PBXProject "FeedRecipe" */;
			compatibilityVersion = "Xcode 9.3";
			developmentRegion = en;
			hasScannedForEncodings = 0;
			knownRegions = (
				en,
				Base,
			);
			mainGroup = 8A0A956E221EA5C30071CD1E;
			productRefGroup = 8A0A9578221EA5C30071CD1E /* Products */;
			projectDirPath = "";
			projectRoot = "";
			targets = (
				8A0A9576221EA5C30071CD1E /* FeedRecipe */,
			);
		};
/* End PBXProject section */

/* Begin PBXResourcesBuildPhase section */
		8A0A9575221EA5C30071CD1E /* Resources */ = {
			isa = PBXResourcesBuildPhase;
			buildActionMask = 2147483647;
			files = (
				8A0A9585221EA5C40071CD1E /* LaunchScreen.storyboard in Resources */,
				8A0A9580221EA5C30071CD1E /* Main.storyboard in Resources */,
				8A5C3141221ED081005AD77B /* Assets.xcassets in Resources */,
			);
			runOnlyForDeploymentPostprocessing = 0;
		};
/* End PBXResourcesBuildPhase section */

/* Begin PBXShellScriptBuildPhase section */
		27EDEF90D4355D98E2688B79 /* [CP] Check Pods Manifest.lock */ = {
			isa = PBXShellScriptBuildPhase;
			buildActionMask = 2147483647;
			files = (
			);
			inputFileListPaths = (
			);
			inputPaths = (
				"${PODS_PODFILE_DIR_PATH}/Podfile.lock",
				"${PODS_ROOT}/Manifest.lock",
			);
			name = "[CP] Check Pods Manifest.lock";
			outputFileListPaths = (
			);
			outputPaths = (
				"$(DERIVED_FILE_DIR)/Pods-FeedRecipe-checkManifestLockResult.txt",
			);
			runOnlyForDeploymentPostprocessing = 0;
			shellPath = /bin/sh;
			shellScript = "diff \"${PODS_PODFILE_DIR_PATH}/Podfile.lock\" \"${PODS_ROOT}/Manifest.lock\" > /dev/null\nif [ $? != 0 ] ; then\n    # print error to STDERR\n    echo \"error: The sandbox is not in sync with the Podfile.lock. Run 'pod install' or update your CocoaPods installation.\" >&2\n    exit 1\nfi\n# This output is used by Xcode 'outputs' to avoid re-running this script phase.\necho \"SUCCESS\" > \"${SCRIPT_OUTPUT_FILE_0}\"\n";
			showEnvVarsInLog = 0;
		};
		8D5446093DD72F8C027DAFC1 /* [CP] Embed Pods Frameworks */ = {
			isa = PBXShellScriptBuildPhase;
			buildActionMask = 2147483647;
			files = (
			);
			inputFileListPaths = (
			);
			inputPaths = (
				"${PODS_ROOT}/Target Support Files/Pods-FeedRecipe/Pods-FeedRecipe-frameworks.sh",
				"${BUILT_PRODUCTS_DIR}/Alamofire/Alamofire.framework",
				"${BUILT_PRODUCTS_DIR}/Bond/Bond.framework",
				"${BUILT_PRODUCTS_DIR}/Differ/Differ.framework",
				"${BUILT_PRODUCTS_DIR}/Kingfisher/Kingfisher.framework",
				"${BUILT_PRODUCTS_DIR}/ReactiveKit/ReactiveKit.framework",
				"${BUILT_PRODUCTS_DIR}/SwiftyJSON/SwiftyJSON.framework",
			);
			name = "[CP] Embed Pods Frameworks";
			outputFileListPaths = (
			);
			outputPaths = (
				"${TARGET_BUILD_DIR}/${FRAMEWORKS_FOLDER_PATH}/Alamofire.framework",
				"${TARGET_BUILD_DIR}/${FRAMEWORKS_FOLDER_PATH}/Bond.framework",
				"${TARGET_BUILD_DIR}/${FRAMEWORKS_FOLDER_PATH}/Differ.framework",
				"${TARGET_BUILD_DIR}/${FRAMEWORKS_FOLDER_PATH}/Kingfisher.framework",
				"${TARGET_BUILD_DIR}/${FRAMEWORKS_FOLDER_PATH}/ReactiveKit.framework",
				"${TARGET_BUILD_DIR}/${FRAMEWORKS_FOLDER_PATH}/SwiftyJSON.framework",
			);
			runOnlyForDeploymentPostprocessing = 0;
			shellPath = /bin/sh;
			shellScript = "\"${PODS_ROOT}/Target Support Files/Pods-FeedRecipe/Pods-FeedRecipe-frameworks.sh\"\n";
			showEnvVarsInLog = 0;
		};
/* End PBXShellScriptBuildPhase section */

/* Begin PBXSourcesBuildPhase section */
		8A0A9573221EA5C30071CD1E /* Sources */ = {
			isa = PBXSourcesBuildPhase;
			buildActionMask = 2147483647;
			files = (
				8A0A95A6221EB2970071CD1E /* RecipeCollectionViewCell.swift in Sources */,
				8A0A957D221EA5C30071CD1E /* ViewController.swift in Sources */,
				8A0A9594221EA7C70071CD1E /* RecipeModel.swift in Sources */,
				8A0A957B221EA5C30071CD1E /* AppDelegate.swift in Sources */,
				8A0A9592221EA7820071CD1E /* Recipe.swift in Sources */,
				8A0A95A4221EB21B0071CD1E /* RecipeViewController.swift in Sources */,
				8A0A9596221EA8070071CD1E /* WorkshopAPI.swift in Sources */,
			);
			runOnlyForDeploymentPostprocessing = 0;
		};
/* End PBXSourcesBuildPhase section */

/* Begin PBXVariantGroup section */
		8A0A957E221EA5C30071CD1E /* Main.storyboard */ = {
			isa = PBXVariantGroup;
			children = (
				8A0A957F221EA5C30071CD1E /* Base */,
			);
			name = Main.storyboard;
			sourceTree = "<group>";
		};
		8A0A9583221EA5C40071CD1E /* LaunchScreen.storyboard */ = {
			isa = PBXVariantGroup;
			children = (
				8A0A9584221EA5C40071CD1E /* Base */,
			);
			name = LaunchScreen.storyboard;
			sourceTree = "<group>";
		};
/* End PBXVariantGroup section */

/* Begin XCBuildConfiguration section */
		8A0A9587221EA5C40071CD1E /* Debug */ = {
			isa = XCBuildConfiguration;
			buildSettings = {
				ALWAYS_SEARCH_USER_PATHS = NO;
				CLANG_ANALYZER_NONNULL = YES;
				CLANG_ANALYZER_NUMBER_OBJECT_CONVERSION = YES_AGGRESSIVE;
				CLANG_CXX_LANGUAGE_STANDARD = "gnu++14";
				CLANG_CXX_LIBRARY = "libc++";
				CLANG_ENABLE_MODULES = YES;
				CLANG_ENABLE_OBJC_ARC = YES;
				CLANG_ENABLE_OBJC_WEAK = YES;
				CLANG_WARN_BLOCK_CAPTURE_AUTORELEASING = YES;
				CLANG_WARN_BOOL_CONVERSION = YES;
				CLANG_WARN_COMMA = YES;
				CLANG_WARN_CONSTANT_CONVERSION = YES;
				CLANG_WARN_DEPRECATED_OBJC_IMPLEMENTATIONS = YES;
				CLANG_WARN_DIRECT_OBJC_ISA_USAGE = YES_ERROR;
				CLANG_WARN_DOCUMENTATION_COMMENTS = YES;
				CLANG_WARN_EMPTY_BODY = YES;
				CLANG_WARN_ENUM_CONVERSION = YES;
				CLANG_WARN_INFINITE_RECURSION = YES;
				CLANG_WARN_INT_CONVERSION = YES;
				CLANG_WARN_NON_LITERAL_NULL_CONVERSION = YES;
				CLANG_WARN_OBJC_IMPLICIT_RETAIN_SELF = YES;
				CLANG_WARN_OBJC_LITERAL_CONVERSION = YES;
				CLANG_WARN_OBJC_ROOT_CLASS = YES_ERROR;
				CLANG_WARN_RANGE_LOOP_ANALYSIS = YES;
				CLANG_WARN_STRICT_PROTOTYPES = YES;
				CLANG_WARN_SUSPICIOUS_MOVE = YES;
				CLANG_WARN_UNGUARDED_AVAILABILITY = YES_AGGRESSIVE;
				CLANG_WARN_UNREACHABLE_CODE = YES;
				CLANG_WARN__DUPLICATE_METHOD_MATCH = YES;
				CODE_SIGN_IDENTITY = "iPhone Developer";
				COPY_PHASE_STRIP = NO;
				DEBUG_INFORMATION_FORMAT = dwarf;
				ENABLE_STRICT_OBJC_MSGSEND = YES;
				ENABLE_TESTABILITY = YES;
				GCC_C_LANGUAGE_STANDARD = gnu11;
				GCC_DYNAMIC_NO_PIC = NO;
				GCC_NO_COMMON_BLOCKS = YES;
				GCC_OPTIMIZATION_LEVEL = 0;
				GCC_PREPROCESSOR_DEFINITIONS = (
					"DEBUG=1",
					"$(inherited)",
				);
				GCC_WARN_64_TO_32_BIT_CONVERSION = YES;
				GCC_WARN_ABOUT_RETURN_TYPE = YES_ERROR;
				GCC_WARN_UNDECLARED_SELECTOR = YES;
				GCC_WARN_UNINITIALIZED_AUTOS = YES_AGGRESSIVE;
				GCC_WARN_UNUSED_FUNCTION = YES;
				GCC_WARN_UNUSED_VARIABLE = YES;
				IPHONEOS_DEPLOYMENT_TARGET = 12.1;
				MTL_ENABLE_DEBUG_INFO = INCLUDE_SOURCE;
				MTL_FAST_MATH = YES;
				ONLY_ACTIVE_ARCH = YES;
				SDKROOT = iphoneos;
				SWIFT_ACTIVE_COMPILATION_CONDITIONS = DEBUG;
				SWIFT_OPTIMIZATION_LEVEL = "-Onone";
			};
			name = Debug;
		};
		8A0A9588221EA5C40071CD1E /* Release */ = {
			isa = XCBuildConfiguration;
			buildSettings = {
				ALWAYS_SEARCH_USER_PATHS = NO;
				CLANG_ANALYZER_NONNULL = YES;
				CLANG_ANALYZER_NUMBER_OBJECT_CONVERSION = YES_AGGRESSIVE;
				CLANG_CXX_LANGUAGE_STANDARD = "gnu++14";
				CLANG_CXX_LIBRARY = "libc++";
				CLANG_ENABLE_MODULES = YES;
				CLANG_ENABLE_OBJC_ARC = YES;
				CLANG_ENABLE_OBJC_WEAK = YES;
				CLANG_WARN_BLOCK_CAPTURE_AUTORELEASING = YES;
				CLANG_WARN_BOOL_CONVERSION = YES;
				CLANG_WARN_COMMA = YES;
				CLANG_WARN_CONSTANT_CONVERSION = YES;
				CLANG_WARN_DEPRECATED_OBJC_IMPLEMENTATIONS = YES;
				CLANG_WARN_DIRECT_OBJC_ISA_USAGE = YES_ERROR;
				CLANG_WARN_DOCUMENTATION_COMMENTS = YES;
				CLANG_WARN_EMPTY_BODY = YES;
				CLANG_WARN_ENUM_CONVERSION = YES;
				CLANG_WARN_INFINITE_RECURSION = YES;
				CLANG_WARN_INT_CONVERSION = YES;
				CLANG_WARN_NON_LITERAL_NULL_CONVERSION = YES;
				CLANG_WARN_OBJC_IMPLICIT_RETAIN_SELF = YES;
				CLANG_WARN_OBJC_LITERAL_CONVERSION = YES;
				CLANG_WARN_OBJC_ROOT_CLASS = YES_ERROR;
				CLANG_WARN_RANGE_LOOP_ANALYSIS = YES;
				CLANG_WARN_STRICT_PROTOTYPES = YES;
				CLANG_WARN_SUSPICIOUS_MOVE = YES;
				CLANG_WARN_UNGUARDED_AVAILABILITY = YES_AGGRESSIVE;
				CLANG_WARN_UNREACHABLE_CODE = YES;
				CLANG_WARN__DUPLICATE_METHOD_MATCH = YES;
				CODE_SIGN_IDENTITY = "iPhone Developer";
				COPY_PHASE_STRIP = NO;
				DEBUG_INFORMATION_FORMAT = "dwarf-with-dsym";
				ENABLE_NS_ASSERTIONS = NO;
				ENABLE_STRICT_OBJC_MSGSEND = YES;
				GCC_C_LANGUAGE_STANDARD = gnu11;
				GCC_NO_COMMON_BLOCKS = YES;
				GCC_WARN_64_TO_32_BIT_CONVERSION = YES;
				GCC_WARN_ABOUT_RETURN_TYPE = YES_ERROR;
				GCC_WARN_UNDECLARED_SELECTOR = YES;
				GCC_WARN_UNINITIALIZED_AUTOS = YES_AGGRESSIVE;
				GCC_WARN_UNUSED_FUNCTION = YES;
				GCC_WARN_UNUSED_VARIABLE = YES;
				IPHONEOS_DEPLOYMENT_TARGET = 12.1;
				MTL_ENABLE_DEBUG_INFO = NO;
				MTL_FAST_MATH = YES;
				SDKROOT = iphoneos;
				SWIFT_COMPILATION_MODE = wholemodule;
				SWIFT_OPTIMIZATION_LEVEL = "-O";
				VALIDATE_PRODUCT = YES;
			};
			name = Release;
		};
		8A0A958A221EA5C40071CD1E /* Debug */ = {
			isa = XCBuildConfiguration;
			baseConfigurationReference = 31D57A455C1F234F461577A9 /* Pods-FeedRecipe.debug.xcconfig */;
			buildSettings = {
				ASSETCATALOG_COMPILER_APPICON_NAME = AppIcon;
				CODE_SIGN_STYLE = Automatic;
				DEVELOPMENT_TEAM = C8F3CLJ592;
				INFOPLIST_FILE = FeedRecipe/Info.plist;
				LD_RUNPATH_SEARCH_PATHS = (
					"$(inherited)",
					"@executable_path/Frameworks",
				);
				PRODUCT_BUNDLE_IDENTIFIER = com.taijased.FeedRecipe;
				PRODUCT_NAME = "$(TARGET_NAME)";
				SWIFT_VERSION = 4.2;
				TARGETED_DEVICE_FAMILY = "1,2";
			};
			name = Debug;
		};
		8A0A958B221EA5C40071CD1E /* Release */ = {
			isa = XCBuildConfiguration;
			baseConfigurationReference = 9E9F72E457A380FF8CB6F023 /* Pods-FeedRecipe.release.xcconfig */;
			buildSettings = {
				ASSETCATALOG_COMPILER_APPICON_NAME = AppIcon;
				CODE_SIGN_STYLE = Automatic;
				DEVELOPMENT_TEAM = C8F3CLJ592;
				INFOPLIST_FILE = FeedRecipe/Info.plist;
				LD_RUNPATH_SEARCH_PATHS = (
					"$(inherited)",
					"@executable_path/Frameworks",
				);
				PRODUCT_BUNDLE_IDENTIFIER = com.taijased.FeedRecipe;
				PRODUCT_NAME = "$(TARGET_NAME)";
				SWIFT_VERSION = 4.2;
				TARGETED_DEVICE_FAMILY = "1,2";
			};
			name = Release;
		};
/* End XCBuildConfiguration section */

/* Begin XCConfigurationList section */
		8A0A9572221EA5C30071CD1E /* Build configuration list for PBXProject "FeedRecipe" */ = {
			isa = XCConfigurationList;
			buildConfigurations = (
				8A0A9587221EA5C40071CD1E /* Debug */,
				8A0A9588221EA5C40071CD1E /* Release */,
			);
			defaultConfigurationIsVisible = 0;
			defaultConfigurationName = Release;
		};
		8A0A9589221EA5C40071CD1E /* Build configuration list for PBXNativeTarget "FeedRecipe" */ = {
			isa = XCConfigurationList;
			buildConfigurations = (
				8A0A958A221EA5C40071CD1E /* Debug */,
				8A0A958B221EA5C40071CD1E /* Release */,
			);
			defaultConfigurationIsVisible = 0;
			defaultConfigurationName = Release;
		};
/* End XCConfigurationList section */
	};
	rootObject = 8A0A956F221EA5C30071CD1E /* Project object */;
}
